
Microsoft Visual Studio Solution File, Format Version 12.00
# Visual Studio Version 16
VisualStudioVersion = 16.0.31205.134
MinimumVisualStudioVersion = 10.0.40219.1
Project("{9A19103F-16F7-4668-BE54-9A1E7A4F7556}") = "Csharp", "Variables\Csharp.csproj", "{0069DBD2-F30D-463E-9BCC-3D72A2DC1426}"
EndProject
Global
	GlobalSection(SolutionConfigurationPlatforms) = preSolution
		Debug|Any CPU = Debug|Any CPU
		Release|Any CPU = Release|Any CPU
	EndGlobalSection
	GlobalSection(ProjectConfigurationPlatforms) = postSolution
		{0069DBD2-F30D-463E-9BCC-3D72A2DC1426}.Debug|Any CPU.ActiveCfg = Debug|Any CPU
		{0069DBD2-F30D-463E-9BCC-3D72A2DC1426}.Debug|Any CPU.Build.0 = Debug|Any CPU
		{0069DBD2-F30D-463E-9BCC-3D72A2DC1426}.Release|Any CPU.ActiveCfg = Release|Any CPU
		{0069DBD2-F30D-463E-9BCC-3D72A2DC1426}.Release|Any CPU.Build.0 = Release|Any CPU
	EndGlobalSection
	GlobalSection(SolutionProperties) = preSolution
		HideSolutionNode = FALSE
	EndGlobalSection
	GlobalSection(ExtensibilityGlobals) = postSolution
		SolutionGuid = {241BC94F-31B6-44E3-A4EA-D2B3A20033CA}
	EndGlobalSection
EndGlobal
